
Microsoft Visual Studio Solution File, Format Version 12.00
# Visual Studio Version 16
VisualStudioVersion = 16.0.30406.217
MinimumVisualStudioVersion = 10.0.40219.1
Project("{FAE04EC0-301F-11D3-BF4B-00C04F79EFBC}") = "ProjetGestioStock", "ProjetGestioStock\ProjetGestioStock.csproj", "{A97C348F-1604-42D6-BABE-C1AD2A1F0592}"
EndProject
Global
	GlobalSection(SolutionConfigurationPlatforms) = preSolution
		Debug|Any CPU = Debug|Any CPU
		Release|Any CPU = Release|Any CPU
	EndGlobalSection
	GlobalSection(ProjectConfigurationPlatforms) = postSolution
		{A97C348F-1604-42D6-BABE-C1AD2A1F0592}.Debug|Any CPU.ActiveCfg = Debug|Any CPU
		{A97C348F-1604-42D6-BABE-C1AD2A1F0592}.Debug|Any CPU.Build.0 = Debug|Any CPU
		{A97C348F-1604-42D6-BABE-C1AD2A1F0592}.Release|Any CPU.ActiveCfg = Release|Any CPU
		{A97C348F-1604-42D6-BABE-C1AD2A1F0592}.Release|Any CPU.Build.0 = Release|Any CPU
	EndGlobalSection
	GlobalSection(SolutionProperties) = preSolution
		HideSolutionNode = FALSE
	EndGlobalSection
	GlobalSection(ExtensibilityGlobals) = postSolution
		SolutionGuid = {5B6F5C04-815E-45F9-A61A-E2DC2AFA45BB}
	EndGlobalSection
EndGlobal
